
Microsoft Visual Studio Solution File, Format Version 12.00
# Visual Studio Version 17
VisualStudioVersion = 17.14.36414.22 d17.14
MinimumVisualStudioVersion = 10.0.40219.1
Project("{FAE04EC0-301F-11D3-BF4B-00C04F79EFBC}") = "BookLibraryManagementSystemWebApi", "BookLibraryManagementSystemWebApi\BookLibraryManagementSystemWebApi.csproj", "{DCB2ED29-6E6F-4983-AD38-B7C598B8CE88}"
EndProject
Global
	GlobalSection(SolutionConfigurationPlatforms) = preSolution
		Debug|Any CPU = Debug|Any CPU
		Release|Any CPU = Release|Any CPU
	EndGlobalSection
	GlobalSection(ProjectConfigurationPlatforms) = postSolution
		{DCB2ED29-6E6F-4983-AD38-B7C598B8CE88}.Debug|Any CPU.ActiveCfg = Debug|Any CPU
		{DCB2ED29-6E6F-4983-AD38-B7C598B8CE88}.Debug|Any CPU.Build.0 = Debug|Any CPU
		{DCB2ED29-6E6F-4983-AD38-B7C598B8CE88}.Release|Any CPU.ActiveCfg = Release|Any CPU
		{DCB2ED29-6E6F-4983-AD38-B7C598B8CE88}.Release|Any CPU.Build.0 = Release|Any CPU
	EndGlobalSection
	GlobalSection(SolutionProperties) = preSolution
		HideSolutionNode = FALSE
	EndGlobalSection
	GlobalSection(ExtensibilityGlobals) = postSolution
		SolutionGuid = {BF2DF148-544E-42A4-914C-1873DA0A8F06}
	EndGlobalSection
EndGlobal
